{
  "nodes": {
    "nixpkgs": {
      "locked": {
        "lastModified": 1640443850,
        "narHash": "sha256-s3EhD+iNjyIE/gZkV5vES6d0eI4dJ2WBlaXyUsEmaek=",
        "owner": "NixOS",
        "repo": "nixpkgs",
        "rev": "6979c0e49bb491e18dd4870abb104cc7375aa7e8",
        "type": "github"
      },
      "original": {
        "owner": "NixOS",
        "ref": "nixos-21.11",
        "repo": "nixpkgs",
        "type": "github"
      }
    },
    "private": {
      "locked": {
        "narHash": "sha256-zY3OMqd4ryAAU5m2f86OGC3Y+w6m6xN2ZbtubtlbGnY=",
        "path": "/etc/nixos/private",
        "type": "path"
      },
      "original": {
        "path": "/etc/nixos/private",
        "type": "path"
      }
    },
    "root": {
      "inputs": {
        "nixpkgs": "nixpkgs",
        "private": "private"
      }
    }
  },
  "root": "root",
  "version": 7
}
