{
  "nodes": {
    "flake-utils": {
      "locked": {
        "lastModified": 1648297722,
        "narHash": "sha256-W+qlPsiZd8F3XkzXOzAoR+mpFqzm3ekQkJNa+PIh1BQ=",
        "owner": "numtide",
        "repo": "flake-utils",
        "rev": "0f8662f1319ad6abf89b3380dd2722369fc51ade",
        "type": "github"
      },
      "original": {
        "owner": "numtide",
        "repo": "flake-utils",
        "type": "github"
      }
    },
    "home-manager": {
      "inputs": {
        "nixpkgs": "nixpkgs"
      },
      "locked": {
        "lastModified": 1641700429,
        "narHash": "sha256-+Pd33S+4+VX6RYGJQ5Q4n46+iRLr9y9ilq9oC/bcnoc=",
        "owner": "nix-community",
        "repo": "home-manager",
        "rev": "a90ddcd62748e445bbbe01834595eda29dc28db9",
        "type": "github"
      },
      "original": {
        "owner": "nix-community",
        "repo": "home-manager",
        "type": "github"
      }
    },
    "hosts": {
      "inputs": {
        "flake-utils": "flake-utils",
        "nixpkgs": "nixpkgs_2"
      },
      "locked": {
        "lastModified": 1648740962,
        "narHash": "sha256-D/p+qYbmhhbbeFy1UyizHhe7s8Y3M9ahnsvH06mhAGc=",
        "owner": "StevenBlack",
        "repo": "hosts",
        "rev": "58ab6075dfcbdf4a2231acfa4e3a5a0cde0c51ad",
        "type": "github"
      },
      "original": {
        "owner": "StevenBlack",
        "repo": "hosts",
        "type": "github"
      }
    },
    "nixpkgs": {
      "locked": {
        "lastModified": 1641671388,
        "narHash": "sha256-aHoO6CpPLJK8hLkPJrpMnCRnj3YbfQZ7HNcXcnI83E0=",
        "owner": "NixOS",
        "repo": "nixpkgs",
        "rev": "32356ce11b8cc5cc421b68138ae8c730cc8ad4a2",
        "type": "github"
      },
      "original": {
        "id": "nixpkgs",
        "type": "indirect"
      }
    },
    "nixpkgs_2": {
      "locked": {
        "lastModified": 1648219316,
        "narHash": "sha256-Ctij+dOi0ZZIfX5eMhgwugfvB+WZSrvVNAyAuANOsnQ=",
        "owner": "NixOS",
        "repo": "nixpkgs",
        "rev": "30d3d79b7d3607d56546dd2a6b49e156ba0ec634",
        "type": "github"
      },
      "original": {
        "id": "nixpkgs",
        "type": "indirect"
      }
    },
    "nixpkgs_3": {
      "locked": {
        "lastModified": 1653229824,
        "narHash": "sha256-klSCYMpR4TqWYoTD/xZ2qM9UIPRFC6pK+S/kJuVLbFw=",
        "owner": "NixOS",
        "repo": "nixpkgs",
        "rev": "06db2e2197401b74fcf82d4e84be15b0b5851c7b",
        "type": "github"
      },
      "original": {
        "owner": "NixOS",
        "ref": "nixos-21.11",
        "repo": "nixpkgs",
        "type": "github"
      }
    },
    "private": {
      "locked": {
        "narHash": "sha256-NtOKqUnBWHyVEcGmA8YgytWNZpdIWkyQgrg/McxE9tQ=",
        "path": "/etc/nixos/private",
        "type": "path"
      },
      "original": {
        "path": "/etc/nixos/private",
        "type": "path"
      }
    },
    "root": {
      "inputs": {
        "home-manager": "home-manager",
        "hosts": "hosts",
        "nixpkgs": "nixpkgs_3",
        "private": "private"
      }
    }
  },
  "root": "root",
  "version": 7
}
